
Microsoft Visual Studio Solution File, Format Version 12.00
# Visual Studio Version 16
VisualStudioVersion = 16.0.31205.134
MinimumVisualStudioVersion = 10.0.40219.1
Project("{FAE04EC0-301F-11D3-BF4B-00C04F79EFBC}") = "Consecionaria _Honda", "Consecionaria _Honda.csproj", "{1E3FADD3-1BFF-4D4C-A633-CE5B0FADBCDC}"
EndProject
Global
	GlobalSection(SolutionConfigurationPlatforms) = preSolution
		Debug|Any CPU = Debug|Any CPU
		Release|Any CPU = Release|Any CPU
	EndGlobalSection
	GlobalSection(ProjectConfigurationPlatforms) = postSolution
		{1E3FADD3-1BFF-4D4C-A633-CE5B0FADBCDC}.Debug|Any CPU.ActiveCfg = Debug|Any CPU
		{1E3FADD3-1BFF-4D4C-A633-CE5B0FADBCDC}.Debug|Any CPU.Build.0 = Debug|Any CPU
		{1E3FADD3-1BFF-4D4C-A633-CE5B0FADBCDC}.Release|Any CPU.ActiveCfg = Release|Any CPU
		{1E3FADD3-1BFF-4D4C-A633-CE5B0FADBCDC}.Release|Any CPU.Build.0 = Release|Any CPU
	EndGlobalSection
	GlobalSection(SolutionProperties) = preSolution
		HideSolutionNode = FALSE
	EndGlobalSection
	GlobalSection(ExtensibilityGlobals) = postSolution
		SolutionGuid = {DE839A32-6506-49CD-989B-B423E6A4B3B5}
	EndGlobalSection
EndGlobal
